{
  "name": "frontend",
  "lockfileVersion": 2,
  "requires": true,
  "packages": {
    "": {
      "dependencies": {
        "chart.js": "^4.4.9",
        "svelte-chartjs": "^2.1.1"
      }
    },
    "node_modules/@kurkle/color": {
      "version": "0.3.4",
      "resolved": "https://registry.npmjs.org/@kurkle/color/-/color-0.3.4.tgz",
      "integrity": "sha512-M5UknZPHRu3DEDWoipU6sE8PdkZ6Z/S+v4dD+Ke8IaNlpdSQah50lz1KtcFBa2vsdOnwbbnxJwVM4wty6udA5w=="
    },
    "node_modules/chart.js": {
      "version": "4.4.9",
      "resolved": "https://registry.npmjs.org/chart.js/-/chart.js-4.4.9.tgz",
      "integrity": "sha512-EyZ9wWKgpAU0fLJ43YAEIF8sr5F2W3LqbS40ZJyHIner2lY14ufqv2VMp69MAiZ2rpwxEUxEhIH/0U3xyRynxg==",
      "dependencies": {
        "@kurkle/color": "^0.3.0"
      },
      "engines": {
        "pnpm": ">=8"
      }
    },
    "node_modules/svelte-chartjs": {
      "version": "2.1.1",
      "resolved": "https://registry.npmjs.org/svelte-chartjs/-/svelte-chartjs-2.1.1.tgz",
      "integrity": "sha512-7GvBJjaFKYca/9GP4WDuupah7L7v+TXouMOiEZn5X8nNsV+pX2oZ9C8L5UJZzOU7NQiEG7t4qDqu+4vdBElVcQ==",
      "peerDependencies": {
        "chart.js": "^3.5.0",
        "svelte": "^3.45.0"
      }
    }
  },
  "dependencies": {
    "@kurkle/color": {
      "version": "0.3.4",
      "resolved": "https://registry.npmjs.org/@kurkle/color/-/color-0.3.4.tgz",
      "integrity": "sha512-M5UknZPHRu3DEDWoipU6sE8PdkZ6Z/S+v4dD+Ke8IaNlpdSQah50lz1KtcFBa2vsdOnwbbnxJwVM4wty6udA5w=="
    },
    "chart.js": {
      "version": "4.4.9",
      "resolved": "https://registry.npmjs.org/chart.js/-/chart.js-4.4.9.tgz",
      "integrity": "sha512-EyZ9wWKgpAU0fLJ43YAEIF8sr5F2W3LqbS40ZJyHIner2lY14ufqv2VMp69MAiZ2rpwxEUxEhIH/0U3xyRynxg==",
      "requires": {
        "@kurkle/color": "^0.3.0"
      }
    },
    "svelte-chartjs": {
      "version": "2.1.1",
      "resolved": "https://registry.npmjs.org/svelte-chartjs/-/svelte-chartjs-2.1.1.tgz",
      "integrity": "sha512-7GvBJjaFKYca/9GP4WDuupah7L7v+TXouMOiEZn5X8nNsV+pX2oZ9C8L5UJZzOU7NQiEG7t4qDqu+4vdBElVcQ=="
    }
  }
}
